
Microsoft Visual Studio Solution File, Format Version 12.00
# Visual Studio Version 17
VisualStudioVersion = 17.5.33424.131
MinimumVisualStudioVersion = 10.0.40219.1
Project("{FAE04EC0-301F-11D3-BF4B-00C04F79EFBC}") = "TataGamedom", "TataGamedom\TataGamedom.csproj", "{B1C8B6F2-7E3D-43AA-9585-ED02AA844627}"
EndProject
Project("{2150E333-8FDC-42A3-9474-1A3956D46DE8}") = "ReadMe", "ReadMe", "{18DD1157-1893-4FA4-8FEA-8262D99806FC}"
	ProjectSection(SolutionItems) = preProject
		TataGamedom\ReadMe(mao).txt = TataGamedom\ReadMe(mao).txt
		ReadMe(Piplup).md = ReadMe(Piplup).md
	EndProjectSection
EndProject
Project("{9A19103F-16F7-4668-BE54-9A1E7A4F7556}") = "TestProject", "TestProject\TestProject.csproj", "{A14001AD-78B4-435F-B427-C1C999563D8D}"
EndProject
Project("{2150E333-8FDC-42A3-9474-1A3956D46DE8}") = "Alan", "Alan", "{38C4D73D-9350-4E13-8757-8B23DCCA217F}"
	ProjectSection(SolutionItems) = preProject
		ReadMe(Alan).txt = ReadMe(Alan).txt
		ReadMe_FrontEnd(Alan).txt = ReadMe_FrontEnd(Alan).txt
	EndProjectSection
EndProject
Project("{54A90642-561A-4BB1-A94E-469ADEE60C69}") = "tatagamedomweb", "TataGamedomWeb\tatagamedomweb.esproj", "{2C9ED8C6-FA00-497D-81AE-89FA1DDF1E69}"
EndProject
Project("{9A19103F-16F7-4668-BE54-9A1E7A4F7556}") = "TataGamedomWebAPI", "TataGamedomWebAPI\TataGamedomWebAPI.csproj", "{6479A525-5002-4E6E-AFEB-39B3E7815D01}"
EndProject
Global
	GlobalSection(SolutionConfigurationPlatforms) = preSolution
		Debug|Any CPU = Debug|Any CPU
		Release|Any CPU = Release|Any CPU
	EndGlobalSection
	GlobalSection(ProjectConfigurationPlatforms) = postSolution
		{B1C8B6F2-7E3D-43AA-9585-ED02AA844627}.Debug|Any CPU.ActiveCfg = Debug|Any CPU
		{B1C8B6F2-7E3D-43AA-9585-ED02AA844627}.Debug|Any CPU.Build.0 = Debug|Any CPU
		{B1C8B6F2-7E3D-43AA-9585-ED02AA844627}.Release|Any CPU.ActiveCfg = Release|Any CPU
		{B1C8B6F2-7E3D-43AA-9585-ED02AA844627}.Release|Any CPU.Build.0 = Release|Any CPU
		{A14001AD-78B4-435F-B427-C1C999563D8D}.Debug|Any CPU.ActiveCfg = Debug|Any CPU
		{A14001AD-78B4-435F-B427-C1C999563D8D}.Debug|Any CPU.Build.0 = Debug|Any CPU
		{A14001AD-78B4-435F-B427-C1C999563D8D}.Release|Any CPU.ActiveCfg = Release|Any CPU
		{A14001AD-78B4-435F-B427-C1C999563D8D}.Release|Any CPU.Build.0 = Release|Any CPU
		{2C9ED8C6-FA00-497D-81AE-89FA1DDF1E69}.Debug|Any CPU.ActiveCfg = Debug|Any CPU
		{2C9ED8C6-FA00-497D-81AE-89FA1DDF1E69}.Debug|Any CPU.Build.0 = Debug|Any CPU
		{2C9ED8C6-FA00-497D-81AE-89FA1DDF1E69}.Debug|Any CPU.Deploy.0 = Debug|Any CPU
		{2C9ED8C6-FA00-497D-81AE-89FA1DDF1E69}.Release|Any CPU.ActiveCfg = Release|Any CPU
		{2C9ED8C6-FA00-497D-81AE-89FA1DDF1E69}.Release|Any CPU.Build.0 = Release|Any CPU
		{2C9ED8C6-FA00-497D-81AE-89FA1DDF1E69}.Release|Any CPU.Deploy.0 = Release|Any CPU
		{6479A525-5002-4E6E-AFEB-39B3E7815D01}.Debug|Any CPU.ActiveCfg = Debug|Any CPU
		{6479A525-5002-4E6E-AFEB-39B3E7815D01}.Debug|Any CPU.Build.0 = Debug|Any CPU
		{6479A525-5002-4E6E-AFEB-39B3E7815D01}.Release|Any CPU.ActiveCfg = Release|Any CPU
		{6479A525-5002-4E6E-AFEB-39B3E7815D01}.Release|Any CPU.Build.0 = Release|Any CPU
	EndGlobalSection
	GlobalSection(SolutionProperties) = preSolution
		HideSolutionNode = FALSE
	EndGlobalSection
	GlobalSection(NestedProjects) = preSolution
		{38C4D73D-9350-4E13-8757-8B23DCCA217F} = {18DD1157-1893-4FA4-8FEA-8262D99806FC}
	EndGlobalSection
	GlobalSection(ExtensibilityGlobals) = postSolution
		SolutionGuid = {CCAF75AC-7C70-4315-AEB4-D7D4E814FD77}
	EndGlobalSection
EndGlobal
